
Microsoft Visual Studio Solution File, Format Version 12.00
# Visual Studio Version 17
VisualStudioVersion = 17.8.34525.116
MinimumVisualStudioVersion = 10.0.40219.1
Project("{FAE04EC0-301F-11D3-BF4B-00C04F79EFBC}") = "Task Manager", "Task Manager.csproj", "{0BEB9A92-55F5-4E80-89D9-1CD4DF13A35E}"
EndProject
Global
	GlobalSection(SolutionConfigurationPlatforms) = preSolution
		Debug|Any CPU = Debug|Any CPU
		Release|Any CPU = Release|Any CPU
	EndGlobalSection
	GlobalSection(ProjectConfigurationPlatforms) = postSolution
		{0BEB9A92-55F5-4E80-89D9-1CD4DF13A35E}.Debug|Any CPU.ActiveCfg = Debug|Any CPU
		{0BEB9A92-55F5-4E80-89D9-1CD4DF13A35E}.Debug|Any CPU.Build.0 = Debug|Any CPU
		{0BEB9A92-55F5-4E80-89D9-1CD4DF13A35E}.Release|Any CPU.ActiveCfg = Release|Any CPU
		{0BEB9A92-55F5-4E80-89D9-1CD4DF13A35E}.Release|Any CPU.Build.0 = Release|Any CPU
	EndGlobalSection
	GlobalSection(SolutionProperties) = preSolution
		HideSolutionNode = FALSE
	EndGlobalSection
	GlobalSection(ExtensibilityGlobals) = postSolution
		SolutionGuid = {3C51BD58-5213-4B26-8DE7-9AC04991F067}
	EndGlobalSection
EndGlobal
